{
  "nodes": {
    "nixpkgs": {
      "locked": {
        "lastModified": 1673983260,
        "narHash": "sha256-LI6JP3rp+0EeBwYjwleDauT7H6Q1QrUSxSBUrYK7CZ4=",
        "owner": "NixOS",
        "repo": "nixpkgs",
        "rev": "3b215117a2ea4350ad8f2ae4cb99bf38c9ed86da",
        "type": "github"
      },
      "original": {
        "owner": "NixOS",
        "repo": "nixpkgs",
        "type": "github"
      }
    },
    "root": {
      "inputs": {
        "nixpkgs": "nixpkgs"
      }
    }
  },
  "root": "root",
  "version": 7
}
