{
  "nodes": {
    "nixpkgs": {
      "locked": {
        "lastModified": 1694426803,
        "narHash": "sha256-osusXQo0zkEqs502SNMffsKp1O9evpDM54A37MuyT2Q=",
        "owner": "NixOS",
        "repo": "nixpkgs",
        "rev": "9a74ffb2ca1fc91c6ccc48bd3f8cbc1501bf7b8a",
        "type": "github"
      },
      "original": {
        "owner": "NixOS",
        "ref": "nixos-23.05",
        "repo": "nixpkgs",
        "type": "github"
      }
    },
    "root": {
      "inputs": {
        "nixpkgs": "nixpkgs"
      }
    }
  },
  "root": "root",
  "version": 7
}
